<Solution>
  <Folder Name="/src/">
    <Project Path="src/Metano/Metano.csproj" />
    <Project Path="src/Metano.Compiler/Metano.Compiler.csproj" />
    <Project Path="src/Metano.Compiler.TypeScript/Metano.Compiler.TypeScript.csproj" />
    <Project Path="src/Metano.Compiler.Dart/Metano.Compiler.Dart.csproj" />
    <Project Path="src/Metano.Build/Metano.Build.csproj" />
  </Folder>
  <Folder Name="/tests/">
    <Project Path="tests/Metano.Tests/Metano.Tests.csproj" />
  </Folder>
  <Folder Name="/bindings/">
    <Project Path="bindings/Metano.TypeScript.DOM/Metano.TypeScript.DOM.csproj" />
  </Folder>
  <Folder Name="/samples/">
    <Project Path="samples/SampleCounterV2/SampleCounterV2.csproj" />
    <Project Path="samples/SampleCounterV5/SampleCounterV5.csproj" />
    <Project Path="samples/SampleIssueTracker/SampleIssueTracker.csproj" />
    <Project Path="samples/SampleOperatorOverloading/SampleOperatorOverloading.csproj" />
    <Project Path="samples/SampleTodo.Service/SampleTodo.Service.csproj" />
    <Project Path="samples/SampleTodo/SampleTodo.csproj" />
    <Project Path="samples\HelloWorld\HelloWorld.csproj" />
    <Project Path="samples\SampleCounterV1\SampleCounterV1.csproj" />
    <Project Path="samples/SampleCounterV3/SampleCounterV3.csproj" />
    <Project Path="samples/SampleCounterV4/SampleCounterV4.csproj" />
    <Project Path="samples/SampleQueryableArrays/SampleQueryableArrays.csproj" />
    <Project Path="samples/SampleQueryableSqlite/SampleQueryableSqlite.csproj" />
  </Folder>
</Solution>
